
Microsoft Visual Studio Solution File, Format Version 12.00
# Visual Studio Version 17
VisualStudioVersion = 17.10.34928.147
MinimumVisualStudioVersion = 10.0.40219.1
Project("{9A19103F-16F7-4668-BE54-9A1E7A4F7556}") = "TodoListDemo", "TodoListDemo\TodoListDemo.csproj", "{9DB7C9D6-95D5-4B0E-946F-C60EA19A1BAD}"
EndProject
Project("{FAE04EC0-301F-11D3-BF4B-00C04F79EFBC}") = "TodoListDemo.DataAccess", "TodoListDemo.DataAccess\TodoListDemo.DataAccess.csproj", "{12DC56A6-2410-4F6E-A37D-D1A3C498E3E8}"
EndProject
Project("{FAE04EC0-301F-11D3-BF4B-00C04F79EFBC}") = "TodoListDemo.Models", "TodoListDemo.Models\TodoListDemo.Models.csproj", "{9519D2F4-47F4-46BC-9719-2F4F78396868}"
EndProject
Project("{FAE04EC0-301F-11D3-BF4B-00C04F79EFBC}") = "TodoListDemo.Utility", "TodoListDemo.Utility\TodoListDemo.Utility.csproj", "{CDC2CEE0-4AA8-45FF-8DDD-D5A6D2ED32D5}"
EndProject
Global
	GlobalSection(SolutionConfigurationPlatforms) = preSolution
		Debug|Any CPU = Debug|Any CPU
		Release|Any CPU = Release|Any CPU
	EndGlobalSection
	GlobalSection(ProjectConfigurationPlatforms) = postSolution
		{9DB7C9D6-95D5-4B0E-946F-C60EA19A1BAD}.Debug|Any CPU.ActiveCfg = Debug|Any CPU
		{9DB7C9D6-95D5-4B0E-946F-C60EA19A1BAD}.Debug|Any CPU.Build.0 = Debug|Any CPU
		{9DB7C9D6-95D5-4B0E-946F-C60EA19A1BAD}.Release|Any CPU.ActiveCfg = Release|Any CPU
		{9DB7C9D6-95D5-4B0E-946F-C60EA19A1BAD}.Release|Any CPU.Build.0 = Release|Any CPU
		{12DC56A6-2410-4F6E-A37D-D1A3C498E3E8}.Debug|Any CPU.ActiveCfg = Debug|Any CPU
		{12DC56A6-2410-4F6E-A37D-D1A3C498E3E8}.Debug|Any CPU.Build.0 = Debug|Any CPU
		{12DC56A6-2410-4F6E-A37D-D1A3C498E3E8}.Release|Any CPU.ActiveCfg = Release|Any CPU
		{12DC56A6-2410-4F6E-A37D-D1A3C498E3E8}.Release|Any CPU.Build.0 = Release|Any CPU
		{9519D2F4-47F4-46BC-9719-2F4F78396868}.Debug|Any CPU.ActiveCfg = Debug|Any CPU
		{9519D2F4-47F4-46BC-9719-2F4F78396868}.Debug|Any CPU.Build.0 = Debug|Any CPU
		{9519D2F4-47F4-46BC-9719-2F4F78396868}.Release|Any CPU.ActiveCfg = Release|Any CPU
		{9519D2F4-47F4-46BC-9719-2F4F78396868}.Release|Any CPU.Build.0 = Release|Any CPU
		{CDC2CEE0-4AA8-45FF-8DDD-D5A6D2ED32D5}.Debug|Any CPU.ActiveCfg = Debug|Any CPU
		{CDC2CEE0-4AA8-45FF-8DDD-D5A6D2ED32D5}.Debug|Any CPU.Build.0 = Debug|Any CPU
		{CDC2CEE0-4AA8-45FF-8DDD-D5A6D2ED32D5}.Release|Any CPU.ActiveCfg = Release|Any CPU
		{CDC2CEE0-4AA8-45FF-8DDD-D5A6D2ED32D5}.Release|Any CPU.Build.0 = Release|Any CPU
	EndGlobalSection
	GlobalSection(SolutionProperties) = preSolution
		HideSolutionNode = FALSE
	EndGlobalSection
	GlobalSection(ExtensibilityGlobals) = postSolution
		SolutionGuid = {D0C0E116-AA63-4CC8-B5D1-E4AD26AC86F1}
	EndGlobalSection
EndGlobal
